
Microsoft Visual Studio Solution File, Format Version 12.00
# Visual Studio Version 17
VisualStudioVersion = 17.4.33213.308
MinimumVisualStudioVersion = 10.0.40219.1
Project("{9A19103F-16F7-4668-BE54-9A1E7A4F7556}") = "Com.Chaitanya.Porjects.MockAssessment", "Com.Chaitanya.Porjects.MockAssessment\Com.Chaitanya.Porjects.MockAssessment.csproj", "{A225ABC2-E220-4405-8469-BE3A8BFBA45C}"
EndProject
Project("{FAE04EC0-301F-11D3-BF4B-00C04F79EFBC}") = "Com.Chaitanya.Data.Repository", "Com.Chaitanya.Data.Repository\Com.Chaitanya.Data.Repository.csproj", "{BCAB7E75-887D-4EEF-B12E-AC654D940F4D}"
EndProject
Project("{2150E333-8FDC-42A3-9474-1A3956D46DE8}") = "Dependencies", "Dependencies", "{18EABDE9-4005-4DD7-8563-CA2D0633CFB1}"
	ProjectSection(SolutionItems) = preProject
		Dependencies\Com.Chaitanya.Models.dll = Dependencies\Com.Chaitanya.Models.dll
		Dependencies\Com.Chaitanya.Utils.dll = Dependencies\Com.Chaitanya.Utils.dll
	EndProjectSection
EndProject
Global
	GlobalSection(SolutionConfigurationPlatforms) = preSolution
		Debug|Any CPU = Debug|Any CPU
		Release|Any CPU = Release|Any CPU
	EndGlobalSection
	GlobalSection(ProjectConfigurationPlatforms) = postSolution
		{A225ABC2-E220-4405-8469-BE3A8BFBA45C}.Debug|Any CPU.ActiveCfg = Debug|Any CPU
		{A225ABC2-E220-4405-8469-BE3A8BFBA45C}.Debug|Any CPU.Build.0 = Debug|Any CPU
		{A225ABC2-E220-4405-8469-BE3A8BFBA45C}.Release|Any CPU.ActiveCfg = Release|Any CPU
		{A225ABC2-E220-4405-8469-BE3A8BFBA45C}.Release|Any CPU.Build.0 = Release|Any CPU
		{BCAB7E75-887D-4EEF-B12E-AC654D940F4D}.Debug|Any CPU.ActiveCfg = Debug|Any CPU
		{BCAB7E75-887D-4EEF-B12E-AC654D940F4D}.Debug|Any CPU.Build.0 = Debug|Any CPU
		{BCAB7E75-887D-4EEF-B12E-AC654D940F4D}.Release|Any CPU.ActiveCfg = Release|Any CPU
		{BCAB7E75-887D-4EEF-B12E-AC654D940F4D}.Release|Any CPU.Build.0 = Release|Any CPU
	EndGlobalSection
	GlobalSection(SolutionProperties) = preSolution
		HideSolutionNode = FALSE
	EndGlobalSection
	GlobalSection(ExtensibilityGlobals) = postSolution
		SolutionGuid = {75EA057C-5E99-447D-896B-81CD997250F5}
	EndGlobalSection
EndGlobal
